
Microsoft Visual Studio Solution File, Format Version 12.00
# Visual Studio Version 16
VisualStudioVersion = 16.0.31424.327
MinimumVisualStudioVersion = 10.0.40219.1
Project("{FAE04EC0-301F-11D3-BF4B-00C04F79EFBC}") = "Repentance Configuration Tool", "Repentance Configuration Tool.csproj", "{F697B301-3E57-4F0A-B28E-080110589369}"
EndProject
Global
	GlobalSection(SolutionConfigurationPlatforms) = preSolution
		Debug|Any CPU = Debug|Any CPU
		Release|Any CPU = Release|Any CPU
	EndGlobalSection
	GlobalSection(ProjectConfigurationPlatforms) = postSolution
		{F697B301-3E57-4F0A-B28E-080110589369}.Debug|Any CPU.ActiveCfg = Debug|Any CPU
		{F697B301-3E57-4F0A-B28E-080110589369}.Debug|Any CPU.Build.0 = Debug|Any CPU
		{F697B301-3E57-4F0A-B28E-080110589369}.Release|Any CPU.ActiveCfg = Release|Any CPU
		{F697B301-3E57-4F0A-B28E-080110589369}.Release|Any CPU.Build.0 = Release|Any CPU
	EndGlobalSection
	GlobalSection(SolutionProperties) = preSolution
		HideSolutionNode = FALSE
	EndGlobalSection
	GlobalSection(ExtensibilityGlobals) = postSolution
		SolutionGuid = {E5F0092C-05AD-403B-B1CD-939738EF2FBA}
	EndGlobalSection
EndGlobal
